
Microsoft Visual Studio Solution File, Format Version 12.00
# Visual Studio 14
VisualStudioVersion = 14.0.25420.1
MinimumVisualStudioVersion = 10.0.40219.1
Project("{FAE04EC0-301F-11D3-BF4B-00C04F79EFBC}") = "01.SimpleCalculating-SquereArea", "ProgramingBasics\01.SimpleCalculating-SquereArea.csproj", "{61023B8A-0FCA-417C-A473-686A959F31AA}"
EndProject
Project("{FAE04EC0-301F-11D3-BF4B-00C04F79EFBC}") = "02.SmplCa-FromInchesToSantimeters", "SmplCa-FromInchesToSantimeters\02.SmplCa-FromInchesToSantimeters.csproj", "{177D4D57-1BB8-4554-BE84-314B7E90F8A1}"
EndProject
Project("{FAE04EC0-301F-11D3-BF4B-00C04F79EFBC}") = "03.SmplCa-TrapezeArea", "SmplCa-TrapezeArea\03.SmplCa-TrapezeArea.csproj", "{0A45B397-E6EC-4406-9E86-B83E9154F661}"
EndProject
Project("{FAE04EC0-301F-11D3-BF4B-00C04F79EFBC}") = "04.SmplCa -CircleArea", "SmplCa -CircleArea\04.SmplCa -CircleArea.csproj", "{B03EB6D9-8159-4842-B0CF-97B2FB1C100B}"
EndProject
Project("{FAE04EC0-301F-11D3-BF4B-00C04F79EFBC}") = "05.SmplCa - Koordinate-RectangleArea", "0.5.SmplCa - Koordinate-SquereArea\05.SmplCa - Koordinate-RectangleArea.csproj", "{F225EB72-6D12-4269-8AEC-6537A50A8F2D}"
EndProject
Project("{FAE04EC0-301F-11D3-BF4B-00C04F79EFBC}") = "06.SmplCa-TriangleArea", "06.SmplCa-TriangleArea\06.SmplCa-TriangleArea.csproj", "{BEA2C58D-19D1-43DA-B44F-0DCD4097870D}"
EndProject
Project("{FAE04EC0-301F-11D3-BF4B-00C04F79EFBC}") = "07.SmplCa-CalculatorFromCelceeToFarenhy", "07.SmplCa-CalculatorFromCelceeToFarenhy\07.SmplCa-CalculatorFromCelceeToFarenhy.csproj", "{27130F7C-992B-424F-B506-A700FFAA8979}"
EndProject
Project("{FAE04EC0-301F-11D3-BF4B-00C04F79EFBC}") = "08.SmplCa-ConverterFromRadianToDagree", "08.SmplCa-ConverterFromRadianToDagree\08.SmplCa-ConverterFromRadianToDagree.csproj", "{FAB72195-9DAC-44A5-BE79-299E6AA35479}"
EndProject
Project("{FAE04EC0-301F-11D3-BF4B-00C04F79EFBC}") = "09.SimplCa-ConverterFromUSDtoBGN", "09.SimplCa-ConverterFromUSDtoBGN\09.SimplCa-ConverterFromUSDtoBGN.csproj", "{09ADA595-7FB2-423F-90BF-36C02895E362}"
EndProject
Project("{FAE04EC0-301F-11D3-BF4B-00C04F79EFBC}") = "10.SimplCa-МulticurrencyConverter", "10.SimplCa-МulticurrencyConverter\10.SimplCa-МulticurrencyConverter.csproj", "{1766FF73-E391-4979-98E4-ABB9508D1AEF}"
EndProject
Project("{FAE04EC0-301F-11D3-BF4B-00C04F79EFBC}") = "11.SimplCa-1000daysOnEarth", "11.SimplCa-1000daysOnEarth\11.SimplCa-1000daysOnEarth.csproj", "{B5EE25EC-66FF-4A9A-ACBF-0312E51EC31C}"
EndProject
Project("{FAE04EC0-301F-11D3-BF4B-00C04F79EFBC}") = "12.SimplCaExams-StudyHall", "12.SimplCaExams-SudyHall\12.SimplCaExams-StudyHall.csproj", "{E9C9E600-395B-40EF-854A-901D23729EC5}"
EndProject
Project("{FAE04EC0-301F-11D3-BF4B-00C04F79EFBC}") = "13.SimplCaExams-VegetableMarket", "13.SimplCalExams-VegetableMarket\13.SimplCaExams-VegetableMarket.csproj", "{6A399EAD-A663-448B-848B-5CEEDBE96CC7}"
EndProject
Project("{FAE04EC0-301F-11D3-BF4B-00C04F79EFBC}") = "14.SimplCaExams-RepairOfTile", "14.SimplCaExams-RepairOfTile\14.SimplCaExams-RepairOfTile.csproj", "{FA0C50A7-CA01-4A9A-8DCC-7BCD5003CDD3}"
EndProject
Project("{FAE04EC0-301F-11D3-BF4B-00C04F79EFBC}") = "15.SimpleCaExams-Money", "15.SimpleCaExams-Money\15.SimpleCaExams-Money.csproj", "{E002CB4B-3361-4602-AE0F-64E3021568A9}"
EndProject
Project("{FAE04EC0-301F-11D3-BF4B-00C04F79EFBC}") = "16.SimplCaExams-DailyEarnings", "16.SimplCaExams-DailyEarnings\16.SimplCaExams-DailyEarnings.csproj", "{43AE7311-AAE3-4EA3-88AE-926120750827}"
EndProject
Global
	GlobalSection(SolutionConfigurationPlatforms) = preSolution
		Debug|Any CPU = Debug|Any CPU
		Release|Any CPU = Release|Any CPU
	EndGlobalSection
	GlobalSection(ProjectConfigurationPlatforms) = postSolution
		{61023B8A-0FCA-417C-A473-686A959F31AA}.Debug|Any CPU.ActiveCfg = Debug|Any CPU
		{61023B8A-0FCA-417C-A473-686A959F31AA}.Debug|Any CPU.Build.0 = Debug|Any CPU
		{61023B8A-0FCA-417C-A473-686A959F31AA}.Release|Any CPU.ActiveCfg = Release|Any CPU
		{61023B8A-0FCA-417C-A473-686A959F31AA}.Release|Any CPU.Build.0 = Release|Any CPU
		{177D4D57-1BB8-4554-BE84-314B7E90F8A1}.Debug|Any CPU.ActiveCfg = Debug|Any CPU
		{177D4D57-1BB8-4554-BE84-314B7E90F8A1}.Debug|Any CPU.Build.0 = Debug|Any CPU
		{177D4D57-1BB8-4554-BE84-314B7E90F8A1}.Release|Any CPU.ActiveCfg = Release|Any CPU
		{177D4D57-1BB8-4554-BE84-314B7E90F8A1}.Release|Any CPU.Build.0 = Release|Any CPU
		{0A45B397-E6EC-4406-9E86-B83E9154F661}.Debug|Any CPU.ActiveCfg = Debug|Any CPU
		{0A45B397-E6EC-4406-9E86-B83E9154F661}.Debug|Any CPU.Build.0 = Debug|Any CPU
		{0A45B397-E6EC-4406-9E86-B83E9154F661}.Release|Any CPU.ActiveCfg = Release|Any CPU
		{0A45B397-E6EC-4406-9E86-B83E9154F661}.Release|Any CPU.Build.0 = Release|Any CPU
		{B03EB6D9-8159-4842-B0CF-97B2FB1C100B}.Debug|Any CPU.ActiveCfg = Debug|Any CPU
		{B03EB6D9-8159-4842-B0CF-97B2FB1C100B}.Debug|Any CPU.Build.0 = Debug|Any CPU
		{B03EB6D9-8159-4842-B0CF-97B2FB1C100B}.Release|Any CPU.ActiveCfg = Release|Any CPU
		{B03EB6D9-8159-4842-B0CF-97B2FB1C100B}.Release|Any CPU.Build.0 = Release|Any CPU
		{F225EB72-6D12-4269-8AEC-6537A50A8F2D}.Debug|Any CPU.ActiveCfg = Debug|Any CPU
		{F225EB72-6D12-4269-8AEC-6537A50A8F2D}.Debug|Any CPU.Build.0 = Debug|Any CPU
		{F225EB72-6D12-4269-8AEC-6537A50A8F2D}.Release|Any CPU.ActiveCfg = Release|Any CPU
		{F225EB72-6D12-4269-8AEC-6537A50A8F2D}.Release|Any CPU.Build.0 = Release|Any CPU
		{BEA2C58D-19D1-43DA-B44F-0DCD4097870D}.Debug|Any CPU.ActiveCfg = Debug|Any CPU
		{BEA2C58D-19D1-43DA-B44F-0DCD4097870D}.Debug|Any CPU.Build.0 = Debug|Any CPU
		{BEA2C58D-19D1-43DA-B44F-0DCD4097870D}.Release|Any CPU.ActiveCfg = Release|Any CPU
		{BEA2C58D-19D1-43DA-B44F-0DCD4097870D}.Release|Any CPU.Build.0 = Release|Any CPU
		{27130F7C-992B-424F-B506-A700FFAA8979}.Debug|Any CPU.ActiveCfg = Debug|Any CPU
		{27130F7C-992B-424F-B506-A700FFAA8979}.Debug|Any CPU.Build.0 = Debug|Any CPU
		{27130F7C-992B-424F-B506-A700FFAA8979}.Release|Any CPU.ActiveCfg = Release|Any CPU
		{27130F7C-992B-424F-B506-A700FFAA8979}.Release|Any CPU.Build.0 = Release|Any CPU
		{FAB72195-9DAC-44A5-BE79-299E6AA35479}.Debug|Any CPU.ActiveCfg = Debug|Any CPU
		{FAB72195-9DAC-44A5-BE79-299E6AA35479}.Debug|Any CPU.Build.0 = Debug|Any CPU
		{FAB72195-9DAC-44A5-BE79-299E6AA35479}.Release|Any CPU.ActiveCfg = Release|Any CPU
		{FAB72195-9DAC-44A5-BE79-299E6AA35479}.Release|Any CPU.Build.0 = Release|Any CPU
		{09ADA595-7FB2-423F-90BF-36C02895E362}.Debug|Any CPU.ActiveCfg = Debug|Any CPU
		{09ADA595-7FB2-423F-90BF-36C02895E362}.Debug|Any CPU.Build.0 = Debug|Any CPU
		{09ADA595-7FB2-423F-90BF-36C02895E362}.Release|Any CPU.ActiveCfg = Release|Any CPU
		{09ADA595-7FB2-423F-90BF-36C02895E362}.Release|Any CPU.Build.0 = Release|Any CPU
		{1766FF73-E391-4979-98E4-ABB9508D1AEF}.Debug|Any CPU.ActiveCfg = Debug|Any CPU
		{1766FF73-E391-4979-98E4-ABB9508D1AEF}.Debug|Any CPU.Build.0 = Debug|Any CPU
		{1766FF73-E391-4979-98E4-ABB9508D1AEF}.Release|Any CPU.ActiveCfg = Release|Any CPU
		{1766FF73-E391-4979-98E4-ABB9508D1AEF}.Release|Any CPU.Build.0 = Release|Any CPU
		{B5EE25EC-66FF-4A9A-ACBF-0312E51EC31C}.Debug|Any CPU.ActiveCfg = Debug|Any CPU
		{B5EE25EC-66FF-4A9A-ACBF-0312E51EC31C}.Debug|Any CPU.Build.0 = Debug|Any CPU
		{B5EE25EC-66FF-4A9A-ACBF-0312E51EC31C}.Release|Any CPU.ActiveCfg = Release|Any CPU
		{B5EE25EC-66FF-4A9A-ACBF-0312E51EC31C}.Release|Any CPU.Build.0 = Release|Any CPU
		{E9C9E600-395B-40EF-854A-901D23729EC5}.Debug|Any CPU.ActiveCfg = Debug|Any CPU
		{E9C9E600-395B-40EF-854A-901D23729EC5}.Debug|Any CPU.Build.0 = Debug|Any CPU
		{E9C9E600-395B-40EF-854A-901D23729EC5}.Release|Any CPU.ActiveCfg = Release|Any CPU
		{E9C9E600-395B-40EF-854A-901D23729EC5}.Release|Any CPU.Build.0 = Release|Any CPU
		{6A399EAD-A663-448B-848B-5CEEDBE96CC7}.Debug|Any CPU.ActiveCfg = Debug|Any CPU
		{6A399EAD-A663-448B-848B-5CEEDBE96CC7}.Debug|Any CPU.Build.0 = Debug|Any CPU
		{6A399EAD-A663-448B-848B-5CEEDBE96CC7}.Release|Any CPU.ActiveCfg = Release|Any CPU
		{6A399EAD-A663-448B-848B-5CEEDBE96CC7}.Release|Any CPU.Build.0 = Release|Any CPU
		{FA0C50A7-CA01-4A9A-8DCC-7BCD5003CDD3}.Debug|Any CPU.ActiveCfg = Debug|Any CPU
		{FA0C50A7-CA01-4A9A-8DCC-7BCD5003CDD3}.Debug|Any CPU.Build.0 = Debug|Any CPU
		{FA0C50A7-CA01-4A9A-8DCC-7BCD5003CDD3}.Release|Any CPU.ActiveCfg = Release|Any CPU
		{FA0C50A7-CA01-4A9A-8DCC-7BCD5003CDD3}.Release|Any CPU.Build.0 = Release|Any CPU
		{E002CB4B-3361-4602-AE0F-64E3021568A9}.Debug|Any CPU.ActiveCfg = Debug|Any CPU
		{E002CB4B-3361-4602-AE0F-64E3021568A9}.Debug|Any CPU.Build.0 = Debug|Any CPU
		{E002CB4B-3361-4602-AE0F-64E3021568A9}.Release|Any CPU.ActiveCfg = Release|Any CPU
		{E002CB4B-3361-4602-AE0F-64E3021568A9}.Release|Any CPU.Build.0 = Release|Any CPU
		{43AE7311-AAE3-4EA3-88AE-926120750827}.Debug|Any CPU.ActiveCfg = Debug|Any CPU
		{43AE7311-AAE3-4EA3-88AE-926120750827}.Debug|Any CPU.Build.0 = Debug|Any CPU
		{43AE7311-AAE3-4EA3-88AE-926120750827}.Release|Any CPU.ActiveCfg = Release|Any CPU
		{43AE7311-AAE3-4EA3-88AE-926120750827}.Release|Any CPU.Build.0 = Release|Any CPU
	EndGlobalSection
	GlobalSection(SolutionProperties) = preSolution
		HideSolutionNode = FALSE
	EndGlobalSection
EndGlobal
